
Microsoft Visual Studio Solution File, Format Version 12.00
# Visual Studio Version 17
VisualStudioVersion = 17.7.34031.279
MinimumVisualStudioVersion = 10.0.40219.1
Project("{FAE04EC0-301F-11D3-BF4B-00C04F79EFBC}") = "DishesAPI", "DishesAPI.csproj", "{FAB54B43-D80D-4438-9245-CEC51D113602}"
EndProject
Global
	GlobalSection(SolutionConfigurationPlatforms) = preSolution
		Debug|Any CPU = Debug|Any CPU
		Release|Any CPU = Release|Any CPU
	EndGlobalSection
	GlobalSection(ProjectConfigurationPlatforms) = postSolution
		{FAB54B43-D80D-4438-9245-CEC51D113602}.Debug|Any CPU.ActiveCfg = Debug|Any CPU
		{FAB54B43-D80D-4438-9245-CEC51D113602}.Debug|Any CPU.Build.0 = Debug|Any CPU
		{FAB54B43-D80D-4438-9245-CEC51D113602}.Release|Any CPU.ActiveCfg = Release|Any CPU
		{FAB54B43-D80D-4438-9245-CEC51D113602}.Release|Any CPU.Build.0 = Release|Any CPU
	EndGlobalSection
	GlobalSection(SolutionProperties) = preSolution
		HideSolutionNode = FALSE
	EndGlobalSection
	GlobalSection(ExtensibilityGlobals) = postSolution
		SolutionGuid = {1945BC18-29F9-421C-8656-5249C2F67D0A}
	EndGlobalSection
EndGlobal
